# THIS IS AN AUTOGENERATED FILE. DO NOT EDIT THIS FILE DIRECTLY.
# yarn lockfile v1


set-cookie-parser@^2.5.1:
  version "2.5.1"
  resolved "https://registry.yarnpkg.com/set-cookie-parser/-/set-cookie-parser-2.5.1.tgz#ddd3e9a566b0e8e0862aca974a6ac0e01349430b"
  integrity sha512-1jeBGaKNGdEq4FgIrORu/N570dwoPYio8lSoYLWmX7sQ//0JY08Xh9o5pBcgmHQ/MbsYp/aZnOe1s1lIsbLprQ==
